
Microsoft Visual Studio Solution File, Format Version 12.00
# Visual Studio Version 17
VisualStudioVersion = 17.9.34728.123
MinimumVisualStudioVersion = 10.0.40219.1
Project("{FAE04EC0-301F-11D3-BF4B-00C04F79EFBC}") = "ShipErp.Api", "src\ShipErp.Api\ShipErp.Api.csproj", "{3E2600C1-2F80-479A-ADF4-D939BC504EB9}"
EndProject
Project("{FAE04EC0-301F-11D3-BF4B-00C04F79EFBC}") = "ShipErp.Core", "src\ShipErp.Core\ShipErp.Core.csproj", "{EE58225E-9C14-4958-808A-2D133143D511}"
EndProject
Project("{FAE04EC0-301F-11D3-BF4B-00C04F79EFBC}") = "ShipErp.Infrastructure", "src\ShipErp.Infrastructure\ShipErp.Infrastructure.csproj", "{AE1AE43D-A3B3-42DB-A784-B819F855A1DE}"
EndProject
Global
	GlobalSection(SolutionConfigurationPlatforms) = preSolution
		Debug|Any CPU = Debug|Any CPU
		Release|Any CPU = Release|Any CPU
	EndGlobalSection
	GlobalSection(ProjectConfigurationPlatforms) = postSolution
		{3E2600C1-2F80-479A-ADF4-D939BC504EB9}.Debug|Any CPU.ActiveCfg = Debug|Any CPU
		{3E2600C1-2F80-479A-ADF4-D939BC504EB9}.Debug|Any CPU.Build.0 = Debug|Any CPU
		{3E2600C1-2F80-479A-ADF4-D939BC504EB9}.Release|Any CPU.ActiveCfg = Release|Any CPU
		{3E2600C1-2F80-479A-ADF4-D939BC504EB9}.Release|Any CPU.Build.0 = Release|Any CPU
		{EE58225E-9C14-4958-808A-2D133143D511}.Debug|Any CPU.ActiveCfg = Debug|Any CPU
		{EE58225E-9C14-4958-808A-2D133143D511}.Debug|Any CPU.Build.0 = Debug|Any CPU
		{EE58225E-9C14-4958-808A-2D133143D511}.Release|Any CPU.ActiveCfg = Release|Any CPU
		{EE58225E-9C14-4958-808A-2D133143D511}.Release|Any CPU.Build.0 = Release|Any CPU
		{AE1AE43D-A3B3-42DB-A784-B819F855A1DE}.Debug|Any CPU.ActiveCfg = Debug|Any CPU
		{AE1AE43D-A3B3-42DB-A784-B819F855A1DE}.Debug|Any CPU.Build.0 = Debug|Any CPU
		{AE1AE43D-A3B3-42DB-A784-B819F855A1DE}.Release|Any CPU.ActiveCfg = Release|Any CPU
		{AE1AE43D-A3B3-42DB-A784-B819F855A1DE}.Release|Any CPU.Build.0 = Release|Any CPU
	EndGlobalSection
	GlobalSection(SolutionProperties) = preSolution
		HideSolutionNode = FALSE
	EndGlobalSection
	GlobalSection(ExtensibilityGlobals) = postSolution
		SolutionGuid = {80A45A40-EE24-48F7-8747-D076E9C04C08}
	EndGlobalSection
EndGlobal
